lockfileVersion: '9.0'

settings:
  autoInstallPeers: true
  excludeLinksFromLockfile: false

importers:

  .:
    devDependencies:
      '@microcharts/react':
        specifier: 0.11.0
        version: 0.11.0(react@19.2.8)

packages:

  '@microcharts/react@0.11.0':
    resolution: {integrity: sha512-aPD8JBIAY2cIiuu1qCxrTOa1wlIk+f7H8JliBUJ4bxg8hQkQhshZ8b4DxRQyEtFGUy7unU8ZGwpXkfa3iz6/Lw==}
    engines: {node: '>=20'}
    peerDependencies:
      react: ^18.0.0 || ^19.0.0

  react@19.2.8:
    resolution: {integrity: sha512-PWaYA1L/q9u2u7xYQi+Y3L3Yfnie7XyLeaJICV1MGD6LprsBxcAqGjYyr0eY3p+QdsA+x/Irkt4Qif8D63+Sbw==}
    engines: {node: '>=0.10.0'}

snapshots:

  '@microcharts/react@0.11.0(react@19.2.8)':
    dependencies:
      react: 19.2.8

  react@19.2.8: {}
